{
  "requires": true,
  "lockfileVersion": 1,
  "dependencies": {
    "admin4b": {
      "version": "1.0.0",
      "resolved": "https://registry.npmjs.org/admin4b/-/admin4b-1.0.0.tgz",
      "integrity": "sha512-yqC+hWn+taLQ6z+R4y9zGWQExjCdcAyr/c72v1HAaKpbBdTWpWd9mIAsetb5m298/k6c8YojOwbr+rmrP9ilrQ==",
      "requires": {
        "bootstrap": "4.1.1"
      }
    },
    "bootstrap": {
      "version": "4.1.1",
      "resolved": "https://registry.npmjs.org/bootstrap/-/bootstrap-4.1.1.tgz",
      "integrity": "sha512-SpiDSOcbg4J/PjVSt4ny5eY6j74VbVSjROY4Fb/WIUXBV9cnb5luyR4KnPvNoXuGnBK1T+nJIWqRsvU3yP8Mcg=="
    }
  }
}
